// !$*UTF8*$!
{
	archiveVersion = 1;
	classes = {
	};
	objectVersion = 50;
	objects = {

/* Begin PBXBuildFile section */
		13B6FCA821C9EB4300681F4A /* AppDelegate.m in Sources */ = {isa = PBXBuildFile; fileRef = 13B6FCA721C9EB4300681F4A /* AppDelegate.m */; };
		13B6FCAB21C9EB4300681F4A /* ViewController.m in Sources */ = {isa = PBXBuildFile; fileRef = 13B6FCAA21C9EB4300681F4A /* ViewController.m */; };
		13B6FCAE21C9EB4300681F4A /* Main.storyboard in Resources */ = {isa = PBXBuildFile; fileRef = 13B6FCAC21C9EB4300681F4A /* Main.storyboard */; };
		13B6FCB021C9EB4B00681F4A /* Assets.xcassets in Resources */ = {isa = PBXBuildFile; fileRef = 13B6FCAF21C9EB4B00681F4A /* Assets.xcassets */; };
		13B6FCB321C9EB4B00681F4A /* LaunchScreen.storyboard in Resources */ = {isa = PBXBuildFile; fileRef = 13B6FCB121C9EB4B00681F4A /* LaunchScreen.storyboard */; };
		13B6FCB621C9EB4B00681F4A /* main.m in Sources */ = {isa = PBXBuildFile; fileRef = 13B6FCB521C9EB4B00681F4A /* main.m */; };
		13B6FCC021C9EB4C00681F4A /* LuckDrawTests.m in Sources */ = {isa = PBXBuildFile; fileRef = 13B6FCBF21C9EB4C00681F4A /* LuckDrawTests.m */; };
		13B6FCCB21C9EB4C00681F4A /* LuckDrawUITests.m in Sources */ = {isa = PBXBuildFile; fileRef = 13B6FCCA21C9EB4C00681F4A /* LuckDrawUITests.m */; };
		13B6FCFD21CA16C900681F4A /* LuckView.m in Sources */ = {isa = PBXBuildFile; fileRef = 13B6FCFC21CA16C900681F4A /* LuckView.m */; };
		13B6FD0421CA264300681F4A /* LottreyCell.m in Sources */ = {isa = PBXBuildFile; fileRef = 13B6FD0321CA264300681F4A /* LottreyCell.m */; };
		13EA66B821CB7440003563CD /* InternetRequest.m in Sources */ = {isa = PBXBuildFile; fileRef = 13EA66B721CB7440003563CD /* InternetRequest.m */; };
		13F0A75521CC8A840040CBCB /* BaseModelObject.m in Sources */ = {isa = PBXBuildFile; fileRef = 13F0A75421CC8A840040CBCB /* BaseModelObject.m */; };
		13F0A75721CC8E360040CBCB /* favor.bundle in Resources */ = {isa = PBXBuildFile; fileRef = 13F0A75621CC8E360040CBCB /* favor.bundle */; };
		13F789B621D0798400C0CBD4 /* ZJCircleProgressView.m in Sources */ = {isa = PBXBuildFile; fileRef = 13F789B421D0798400C0CBD4 /* ZJCircleProgressView.m */; };
		13F789BB21D0C4D300C0CBD4 /* LotteryModel.m in Sources */ = {isa = PBXBuildFile; fileRef = 13F789BA21D0C4D300C0CBD4 /* LotteryModel.m */; };
		3738363B99863066E2981695 /* libPods-LuckDraw.a in Frameworks */ = {isa = PBXBuildFile; fileRef = 01C55D3DC13A5E886779DC19 /* libPods-LuckDraw.a */; };
/* End PBXBuildFile section */

/* Begin PBXContainerItemProxy section */
		13B6FCBC21C9EB4C00681F4A /* PBXContainerItemProxy */ = {
			isa = PBXContainerItemProxy;
			containerPortal = 13B6FC9B21C9EB4300681F4A /* Project object */;
			proxyType = 1;
			remoteGlobalIDString = 13B6FCA221C9EB4300681F4A;
			remoteInfo = LuckDraw;
		};
		13B6FCC721C9EB4C00681F4A /* PBXContainerItemProxy */ = {
			isa = PBXContainerItemProxy;
			containerPortal = 13B6FC9B21C9EB4300681F4A /* Project object */;
			proxyType = 1;
			remoteGlobalIDString = 13B6FCA221C9EB4300681F4A;
			remoteInfo = LuckDraw;
		};
/* End PBXContainerItemProxy section */

/* Begin PBXFileReference section */
		01C55D3DC13A5E886779DC19 /* libPods-LuckDraw.a */ = {isa = PBXFileReference; explicitFileType = archive.ar; includeInIndex = 0; path = "libPods-LuckDraw.a"; sourceTree = BUILT_PRODUCTS_DIR; };
		13B6FCA321C9EB4300681F4A /* LuckDraw.app */ = {isa = PBXFileReference; explicitFileType = wrapper.application; includeInIndex = 0; path = LuckDraw.app; sourceTree = BUILT_PRODUCTS_DIR; };
		13B6FCA621C9EB4300681F4A /* AppDelegate.h */ = {isa = PBXFileReference; lastKnownFileType = sourcecode.c.h; path = AppDelegate.h; sourceTree = "<group>"; };
		13B6FCA721C9EB4300681F4A /* AppDelegate.m */ = {isa = PBXFileReference; lastKnownFileType = sourcecode.c.objc; path = AppDelegate.m; sourceTree = "<group>"; };
		13B6FCA921C9EB4300681F4A /* ViewController.h */ = {isa = PBXFileReference; lastKnownFileType = sourcecode.c.h; path = ViewController.h; sourceTree = "<group>"; };
		13B6FCAA21C9EB4300681F4A /* ViewController.m */ = {isa = PBXFileReference; lastKnownFileType = sourcecode.c.objc; path = ViewController.m; sourceTree = "<group>"; };
		13B6FCAD21C9EB4300681F4A /* Base */ = {isa = PBXFileReference; lastKnownFileType = file.storyboard; name = Base; path = Base.lproj/Main.storyboard; sourceTree = "<group>"; };
		13B6FCAF21C9EB4B00681F4A /* Assets.xcassets */ = {isa = PBXFileReference; lastKnownFileType = folder.assetcatalog; path = Assets.xcassets; sourceTree = "<group>"; };
		13B6FCB221C9EB4B00681F4A /* Base */ = {isa = PBXFileReference; lastKnownFileType = file.storyboard; name = Base; path = Base.lproj/LaunchScreen.storyboard; sourceTree = "<group>"; };
		13B6FCB421C9EB4B00681F4A /* Info.plist */ = {isa = PBXFileReference; lastKnownFileType = text.plist.xml; path = Info.plist; sourceTree = "<group>"; };
		13B6FCB521C9EB4B00681F4A /* main.m */ = {isa = PBXFileReference; lastKnownFileType = sourcecode.c.objc; path = main.m; sourceTree = "<group>"; };
		13B6FCBB21C9EB4C00681F4A /* LuckDrawTests.xctest */ = {isa = PBXFileReference; explicitFileType = wrapper.cfbundle; includeInIndex = 0; path = LuckDrawTests.xctest; sourceTree = BUILT_PRODUCTS_DIR; };
		13B6FCBF21C9EB4C00681F4A /* LuckDrawTests.m */ = {isa = PBXFileReference; lastKnownFileType = sourcecode.c.objc; path = LuckDrawTests.m; sourceTree = "<group>"; };
		13B6FCC121C9EB4C00681F4A /* Info.plist */ = {isa = PBXFileReference; lastKnownFileType = text.plist.xml; path = Info.plist; sourceTree = "<group>"; };
		13B6FCC621C9EB4C00681F4A /* LuckDrawUITests.xctest */ = {isa = PBXFileReference; explicitFileType = wrapper.cfbundle; includeInIndex = 0; path = LuckDrawUITests.xctest; sourceTree = BUILT_PRODUCTS_DIR; };
		13B6FCCA21C9EB4C00681F4A /* LuckDrawUITests.m */ = {isa = PBXFileReference; lastKnownFileType = sourcecode.c.objc; path = LuckDrawUITests.m; sourceTree = "<group>"; };
		13B6FCCC21C9EB4C00681F4A /* Info.plist */ = {isa = PBXFileReference; lastKnownFileType = text.plist.xml; path = Info.plist; sourceTree = "<group>"; };
		13B6FCFB21CA16C900681F4A /* LuckView.h */ = {isa = PBXFileReference; lastKnownFileType = sourcecode.c.h; path = LuckView.h; sourceTree = "<group>"; };
		13B6FCFC21CA16C900681F4A /* LuckView.m */ = {isa = PBXFileReference; lastKnownFileType = sourcecode.c.objc; path = LuckView.m; sourceTree = "<group>"; };
		13B6FD0221CA264300681F4A /* LotteryCell.h */ = {isa = PBXFileReference; lastKnownFileType = sourcecode.c.h; path = LotteryCell.h; sourceTree = "<group>"; };
		13B6FD0321CA264300681F4A /* LottreyCell.m */ = {isa = PBXFileReference; lastKnownFileType = sourcecode.c.objc; path = LottreyCell.m; sourceTree = "<group>"; };
		13EA66B621CB7440003563CD /* InternetRequest.h */ = {isa = PBXFileReference; fileEncoding = 4; lastKnownFileType = sourcecode.c.h; path = InternetRequest.h; sourceTree = "<group>"; };
		13EA66B721CB7440003563CD /* InternetRequest.m */ = {isa = PBXFileReference; fileEncoding = 4; lastKnownFileType = sourcecode.c.objc; path = InternetRequest.m; sourceTree = "<group>"; };
		13F0A75321CC8A840040CBCB /* BaseModelObject.h */ = {isa = PBXFileReference; fileEncoding = 4; lastKnownFileType = sourcecode.c.h; path = BaseModelObject.h; sourceTree = "<group>"; };
		13F0A75421CC8A840040CBCB /* BaseModelObject.m */ = {isa = PBXFileReference; fileEncoding = 4; lastKnownFileType = sourcecode.c.objc; path = BaseModelObject.m; sourceTree = "<group>"; };
		13F0A75621CC8E360040CBCB /* favor.bundle */ = {isa = PBXFileReference; lastKnownFileType = "wrapper.plug-in"; path = favor.bundle; sourceTree = "<group>"; };
		13F789B421D0798400C0CBD4 /* ZJCircleProgressView.m */ = {isa = PBXFileReference; fileEncoding = 4; lastKnownFileType = sourcecode.c.objc; path = ZJCircleProgressView.m; sourceTree = "<group>"; };
		13F789B521D0798400C0CBD4 /* ZJCircleProgressView.h */ = {isa = PBXFileReference; fileEncoding = 4; lastKnownFileType = sourcecode.c.h; path = ZJCircleProgressView.h; sourceTree = "<group>"; };
		13F789B721D0901B00C0CBD4 /* PrefixHeader.pch */ = {isa = PBXFileReference; lastKnownFileType = sourcecode.c.h; path = PrefixHeader.pch; sourceTree = "<group>"; };
		13F789B821D090A700C0CBD4 /* Public.h */ = {isa = PBXFileReference; lastKnownFileType = sourcecode.c.h; path = Public.h; sourceTree = "<group>"; };
		13F789B921D0C4D300C0CBD4 /* LotteryModel.h */ = {isa = PBXFileReference; lastKnownFileType = sourcecode.c.h; path = LotteryModel.h; sourceTree = "<group>"; };
		13F789BA21D0C4D300C0CBD4 /* LotteryModel.m */ = {isa = PBXFileReference; lastKnownFileType = sourcecode.c.objc; path = LotteryModel.m; sourceTree = "<group>"; };
		651308B5CB0F30B0CC57560F /* Pods-LuckDraw.release.xcconfig */ = {isa = PBXFileReference; includeInIndex = 1; lastKnownFileType = text.xcconfig; name = "Pods-LuckDraw.release.xcconfig"; path = "Target Support Files/Pods-LuckDraw/Pods-LuckDraw.release.xcconfig"; sourceTree = "<group>"; };
		6E8CD984E0B19702AFCF2ED0 /* Pods-LuckDraw.debug.xcconfig */ = {isa = PBXFileReference; includeInIndex = 1; lastKnownFileType = text.xcconfig; name = "Pods-LuckDraw.debug.xcconfig"; path = "Target Support Files/Pods-LuckDraw/Pods-LuckDraw.debug.xcconfig"; sourceTree = "<group>"; };
/* End PBXFileReference section */

/* Begin PBXFrameworksBuildPhase section */
		13B6FCA021C9EB4300681F4A /* Frameworks */ = {
			isa = PBXFrameworksBuildPhase;
			buildActionMask = 2147483647;
			files = (
				3738363B99863066E2981695 /* libPods-LuckDraw.a in Frameworks */,
			);
			runOnlyForDeploymentPostprocessing = 0;
		};
		13B6FCB821C9EB4C00681F4A /* Frameworks */ = {
			isa = PBXFrameworksBuildPhase;
			buildActionMask = 2147483647;
			files = (
			);
			runOnlyForDeploymentPostprocessing = 0;
		};
		13B6FCC321C9EB4C00681F4A /* Frameworks */ = {
			isa = PBXFrameworksBuildPhase;
			buildActionMask = 2147483647;
			files = (
			);
			runOnlyForDeploymentPostprocessing = 0;
		};
/* End PBXFrameworksBuildPhase section */

/* Begin PBXGroup section */
		13B6FC9A21C9EB4300681F4A = {
			isa = PBXGroup;
			children = (
				13B6FCA521C9EB4300681F4A /* LuckDraw */,
				13B6FCBE21C9EB4C00681F4A /* LuckDrawTests */,
				13B6FCC921C9EB4C00681F4A /* LuckDrawUITests */,
				13B6FCA421C9EB4300681F4A /* Products */,
				AB939652F2B76E9434418082 /* Pods */,
				92F2EF6051F28C5B8AA4E534 /* Frameworks */,
			);
			sourceTree = "<group>";
		};
		13B6FCA421C9EB4300681F4A /* Products */ = {
			isa = PBXGroup;
			children = (
				13B6FCA321C9EB4300681F4A /* LuckDraw.app */,
				13B6FCBB21C9EB4C00681F4A /* LuckDrawTests.xctest */,
				13B6FCC621C9EB4C00681F4A /* LuckDrawUITests.xctest */,
			);
			name = Products;
			sourceTree = "<group>";
		};
		13B6FCA521C9EB4300681F4A /* LuckDraw */ = {
			isa = PBXGroup;
			children = (
				13F789B721D0901B00C0CBD4 /* PrefixHeader.pch */,
				13F789B821D090A700C0CBD4 /* Public.h */,
				13F789B321D0798400C0CBD4 /* ZZCircleProgress */,
				13EA66B521CB7440003563CD /* InternetRequest */,
				13B6FCA621C9EB4300681F4A /* AppDelegate.h */,
				13B6FCA721C9EB4300681F4A /* AppDelegate.m */,
				13B6FCA921C9EB4300681F4A /* ViewController.h */,
				13B6FCAA21C9EB4300681F4A /* ViewController.m */,
				13B6FCFB21CA16C900681F4A /* LuckView.h */,
				13B6FCFC21CA16C900681F4A /* LuckView.m */,
				13B6FD0221CA264300681F4A /* LotteryCell.h */,
				13B6FD0321CA264300681F4A /* LottreyCell.m */,
				13F789B921D0C4D300C0CBD4 /* LotteryModel.h */,
				13F789BA21D0C4D300C0CBD4 /* LotteryModel.m */,
				13B6FCAC21C9EB4300681F4A /* Main.storyboard */,
				13B6FCAF21C9EB4B00681F4A /* Assets.xcassets */,
				13B6FCB121C9EB4B00681F4A /* LaunchScreen.storyboard */,
				13B6FCB421C9EB4B00681F4A /* Info.plist */,
				13B6FCB521C9EB4B00681F4A /* main.m */,
				13F0A75621CC8E360040CBCB /* favor.bundle */,
			);
			path = LuckDraw;
			sourceTree = "<group>";
		};
		13B6FCBE21C9EB4C00681F4A /* LuckDrawTests */ = {
			isa = PBXGroup;
			children = (
				13B6FCBF21C9EB4C00681F4A /* LuckDrawTests.m */,
				13B6FCC121C9EB4C00681F4A /* Info.plist */,
			);
			path = LuckDrawTests;
			sourceTree = "<group>";
		};
		13B6FCC921C9EB4C00681F4A /* LuckDrawUITests */ = {
			isa = PBXGroup;
			children = (
				13B6FCCA21C9EB4C00681F4A /* LuckDrawUITests.m */,
				13B6FCCC21C9EB4C00681F4A /* Info.plist */,
			);
			path = LuckDrawUITests;
			sourceTree = "<group>";
		};
		13EA66B521CB7440003563CD /* InternetRequest */ = {
			isa = PBXGroup;
			children = (
				13F0A75321CC8A840040CBCB /* BaseModelObject.h */,
				13F0A75421CC8A840040CBCB /* BaseModelObject.m */,
				13EA66B621CB7440003563CD /* InternetRequest.h */,
				13EA66B721CB7440003563CD /* InternetRequest.m */,
			);
			path = InternetRequest;
			sourceTree = "<group>";
		};
		13F789B321D0798400C0CBD4 /* ZZCircleProgress */ = {
			isa = PBXGroup;
			children = (
				13F789B421D0798400C0CBD4 /* ZJCircleProgressView.m */,
				13F789B521D0798400C0CBD4 /* ZJCircleProgressView.h */,
			);
			path = ZZCircleProgress;
			sourceTree = "<group>";
		};
		92F2EF6051F28C5B8AA4E534 /* Frameworks */ = {
			isa = PBXGroup;
			children = (
				01C55D3DC13A5E886779DC19 /* libPods-LuckDraw.a */,
			);
			name = Frameworks;
			sourceTree = "<group>";
		};
		AB939652F2B76E9434418082 /* Pods */ = {
			isa = PBXGroup;
			children = (
				6E8CD984E0B19702AFCF2ED0 /* Pods-LuckDraw.debug.xcconfig */,
				651308B5CB0F30B0CC57560F /* Pods-LuckDraw.release.xcconfig */,
			);
			path = Pods;
			sourceTree = "<group>";
		};
/* End PBXGroup section */

/* Begin PBXNativeTarget section */
		13B6FCA221C9EB4300681F4A /* LuckDraw */ = {
			isa = PBXNativeTarget;
			buildConfigurationList = 13B6FCCF21C9EB4C00681F4A /* Build configuration list for PBXNativeTarget "LuckDraw" */;
			buildPhases = (
				6C4D24F6D642DFD7A3103F62 /* [CP] Check Pods Manifest.lock */,
				13B6FC9F21C9EB4300681F4A /* Sources */,
				13B6FCA021C9EB4300681F4A /* Frameworks */,
				13B6FCA121C9EB4300681F4A /* Resources */,
			);
			buildRules = (
			);
			dependencies = (
			);
			name = LuckDraw;
			productName = LuckDraw;
			productReference = 13B6FCA321C9EB4300681F4A /* LuckDraw.app */;
			productType = "com.apple.product-type.application";
		};
		13B6FCBA21C9EB4C00681F4A /* LuckDrawTests */ = {
			isa = PBXNativeTarget;
			buildConfigurationList = 13B6FCD221C9EB4C00681F4A /* Build configuration list for PBXNativeTarget "LuckDrawTests" */;
			buildPhases = (
				13B6FCB721C9EB4C00681F4A /* Sources */,
				13B6FCB821C9EB4C00681F4A /* Frameworks */,
				13B6FCB921C9EB4C00681F4A /* Resources */,
			);
			buildRules = (
			);
			dependencies = (
				13B6FCBD21C9EB4C00681F4A /* PBXTargetDependency */,
			);
			name = LuckDrawTests;
			productName = LuckDrawTests;
			productReference = 13B6FCBB21C9EB4C00681F4A /* LuckDrawTests.xctest */;
			productType = "com.apple.product-type.bundle.unit-test";
		};
		13B6FCC521C9EB4C00681F4A /* LuckDrawUITests */ = {
			isa = PBXNativeTarget;
			buildConfigurationList = 13B6FCD521C9EB4C00681F4A /* Build configuration list for PBXNativeTarget "LuckDrawUITests" */;
			buildPhases = (
				13B6FCC221C9EB4C00681F4A /* Sources */,
				13B6FCC321C9EB4C00681F4A /* Frameworks */,
				13B6FCC421C9EB4C00681F4A /* Resources */,
			);
			buildRules = (
			);
			dependencies = (
				13B6FCC821C9EB4C00681F4A /* PBXTargetDependency */,
			);
			name = LuckDrawUITests;
			productName = LuckDrawUITests;
			productReference = 13B6FCC621C9EB4C00681F4A /* LuckDrawUITests.xctest */;
			productType = "com.apple.product-type.bundle.ui-testing";
		};
/* End PBXNativeTarget section */

/* Begin PBXProject section */
		13B6FC9B21C9EB4300681F4A /* Project object */ = {
			isa = PBXProject;
			attributes = {
				LastUpgradeCheck = 1010;
				ORGANIZATIONNAME = RC;
				TargetAttributes = {
					13B6FCA221C9EB4300681F4A = {
						CreatedOnToolsVersion = 10.1;
					};
					13B6FCBA21C9EB4C00681F4A = {
						CreatedOnToolsVersion = 10.1;
						TestTargetID = 13B6FCA221C9EB4300681F4A;
					};
					13B6FCC521C9EB4C00681F4A = {
						CreatedOnToolsVersion = 10.1;
						TestTargetID = 13B6FCA221C9EB4300681F4A;
					};
				};
			};
			buildConfigurationList = 13B6FC9E21C9EB4300681F4A /* Build configuration list for PBXProject "LuckDraw" */;
			compatibilityVersion = "Xcode 9.3";
			developmentRegion = en;
			hasScannedForEncodings = 0;
			knownRegions = (
				en,
				Base,
			);
			mainGroup = 13B6FC9A21C9EB4300681F4A;
			productRefGroup = 13B6FCA421C9EB4300681F4A /* Products */;
			projectDirPath = "";
			projectRoot = "";
			targets = (
				13B6FCA221C9EB4300681F4A /* LuckDraw */,
				13B6FCBA21C9EB4C00681F4A /* LuckDrawTests */,
				13B6FCC521C9EB4C00681F4A /* LuckDrawUITests */,
			);
		};
/* End PBXProject section */

/* Begin PBXResourcesBuildPhase section */
		13B6FCA121C9EB4300681F4A /* Resources */ = {
			isa = PBXResourcesBuildPhase;
			buildActionMask = 2147483647;
			files = (
				13B6FCB321C9EB4B00681F4A /* LaunchScreen.storyboard in Resources */,
				13B6FCB021C9EB4B00681F4A /* Assets.xcassets in Resources */,
				13F0A75721CC8E360040CBCB /* favor.bundle in Resources */,
				13B6FCAE21C9EB4300681F4A /* Main.storyboard in Resources */,
			);
			runOnlyForDeploymentPostprocessing = 0;
		};
		13B6FCB921C9EB4C00681F4A /* Resources */ = {
			isa = PBXResourcesBuildPhase;
			buildActionMask = 2147483647;
			files = (
			);
			runOnlyForDeploymentPostprocessing = 0;
		};
		13B6FCC421C9EB4C00681F4A /* Resources */ = {
			isa = PBXResourcesBuildPhase;
			buildActionMask = 2147483647;
			files = (
			);
			runOnlyForDeploymentPostprocessing = 0;
		};
/* End PBXResourcesBuildPhase section */

/* Begin PBXShellScriptBuildPhase section */
		6C4D24F6D642DFD7A3103F62 /* [CP] Check Pods Manifest.lock */ = {
			isa = PBXShellScriptBuildPhase;
			buildActionMask = 2147483647;
			files = (
			);
			inputFileListPaths = (
			);
			inputPaths = (
				"${PODS_PODFILE_DIR_PATH}/Podfile.lock",
				"${PODS_ROOT}/Manifest.lock",
			);
			name = "[CP] Check Pods Manifest.lock";
			outputFileListPaths = (
			);
			outputPaths = (
				"$(DERIVED_FILE_DIR)/Pods-LuckDraw-checkManifestLockResult.txt",
			);
			runOnlyForDeploymentPostprocessing = 0;
			shellPath = /bin/sh;
			shellScript = "diff \"${PODS_PODFILE_DIR_PATH}/Podfile.lock\" \"${PODS_ROOT}/Manifest.lock\" > /dev/null\nif [ $? != 0 ] ; then\n    # print error to STDERR\n    echo \"error: The sandbox is not in sync with the Podfile.lock. Run 'pod install' or update your CocoaPods installation.\" >&2\n    exit 1\nfi\n# This output is used by Xcode 'outputs' to avoid re-running this script phase.\necho \"SUCCESS\" > \"${SCRIPT_OUTPUT_FILE_0}\"\n";
			showEnvVarsInLog = 0;
		};
/* End PBXShellScriptBuildPhase section */

/* Begin PBXSourcesBuildPhase section */
		13B6FC9F21C9EB4300681F4A /* Sources */ = {
			isa = PBXSourcesBuildPhase;
			buildActionMask = 2147483647;
			files = (
				13B6FCAB21C9EB4300681F4A /* ViewController.m in Sources */,
				13B6FCB621C9EB4B00681F4A /* main.m in Sources */,
				13EA66B821CB7440003563CD /* InternetRequest.m in Sources */,
				13B6FD0421CA264300681F4A /* LottreyCell.m in Sources */,
				13B6FCA821C9EB4300681F4A /* AppDelegate.m in Sources */,
				13B6FCFD21CA16C900681F4A /* LuckView.m in Sources */,
				13F0A75521CC8A840040CBCB /* BaseModelObject.m in Sources */,
				13F789BB21D0C4D300C0CBD4 /* LotteryModel.m in Sources */,
				13F789B621D0798400C0CBD4 /* ZJCircleProgressView.m in Sources */,
			);
			runOnlyForDeploymentPostprocessing = 0;
		};
		13B6FCB721C9EB4C00681F4A /* Sources */ = {
			isa = PBXSourcesBuildPhase;
			buildActionMask = 2147483647;
			files = (
				13B6FCC021C9EB4C00681F4A /* LuckDrawTests.m in Sources */,
			);
			runOnlyForDeploymentPostprocessing = 0;
		};
		13B6FCC221C9EB4C00681F4A /* Sources */ = {
			isa = PBXSourcesBuildPhase;
			buildActionMask = 2147483647;
			files = (
				13B6FCCB21C9EB4C00681F4A /* LuckDrawUITests.m in Sources */,
			);
			runOnlyForDeploymentPostprocessing = 0;
		};
/* End PBXSourcesBuildPhase section */

/* Begin PBXTargetDependency section */
		13B6FCBD21C9EB4C00681F4A /* PBXTargetDependency */ = {
			isa = PBXTargetDependency;
			target = 13B6FCA221C9EB4300681F4A /* LuckDraw */;
			targetProxy = 13B6FCBC21C9EB4C00681F4A /* PBXContainerItemProxy */;
		};
		13B6FCC821C9EB4C00681F4A /* PBXTargetDependency */ = {
			isa = PBXTargetDependency;
			target = 13B6FCA221C9EB4300681F4A /* LuckDraw */;
			targetProxy = 13B6FCC721C9EB4C00681F4A /* PBXContainerItemProxy */;
		};
/* End PBXTargetDependency section */

/* Begin PBXVariantGroup section */
		13B6FCAC21C9EB4300681F4A /* Main.storyboard */ = {
			isa = PBXVariantGroup;
			children = (
				13B6FCAD21C9EB4300681F4A /* Base */,
			);
			name = Main.storyboard;
			sourceTree = "<group>";
		};
		13B6FCB121C9EB4B00681F4A /* LaunchScreen.storyboard */ = {
			isa = PBXVariantGroup;
			children = (
				13B6FCB221C9EB4B00681F4A /* Base */,
			);
			name = LaunchScreen.storyboard;
			sourceTree = "<group>";
		};
/* End PBXVariantGroup section */

/* Begin XCBuildConfiguration section */
		13B6FCCD21C9EB4C00681F4A /* Debug */ = {
			isa = XCBuildConfiguration;
			buildSettings = {
				ALWAYS_SEARCH_USER_PATHS = NO;
				CLANG_ANALYZER_NONNULL = YES;
				CLANG_ANALYZER_NUMBER_OBJECT_CONVERSION = YES_AGGRESSIVE;
				CLANG_CXX_LANGUAGE_STANDARD = "gnu++14";
				CLANG_CXX_LIBRARY = "libc++";
				CLANG_ENABLE_MODULES = YES;
				CLANG_ENABLE_OBJC_ARC = YES;
				CLANG_ENABLE_OBJC_WEAK = YES;
				CLANG_WARN_BLOCK_CAPTURE_AUTORELEASING = YES;
				CLANG_WARN_BOOL_CONVERSION = YES;
				CLANG_WARN_COMMA = YES;
				CLANG_WARN_CONSTANT_CONVERSION = YES;
				CLANG_WARN_DEPRECATED_OBJC_IMPLEMENTATIONS = YES;
				CLANG_WARN_DIRECT_OBJC_ISA_USAGE = YES_ERROR;
				CLANG_WARN_DOCUMENTATION_COMMENTS = YES;
				CLANG_WARN_EMPTY_BODY = YES;
				CLANG_WARN_ENUM_CONVERSION = YES;
				CLANG_WARN_INFINITE_RECURSION = YES;
				CLANG_WARN_INT_CONVERSION = YES;
				CLANG_WARN_NON_LITERAL_NULL_CONVERSION = YES;
				CLANG_WARN_OBJC_IMPLICIT_RETAIN_SELF = YES;
				CLANG_WARN_OBJC_LITERAL_CONVERSION = YES;
				CLANG_WARN_OBJC_ROOT_CLASS = YES_ERROR;
				CLANG_WARN_RANGE_LOOP_ANALYSIS = YES;
				CLANG_WARN_STRICT_PROTOTYPES = YES;
				CLANG_WARN_SUSPICIOUS_MOVE = YES;
				CLANG_WARN_UNGUARDED_AVAILABILITY = YES_AGGRESSIVE;
				CLANG_WARN_UNREACHABLE_CODE = YES;
				CLANG_WARN__DUPLICATE_METHOD_MATCH = YES;
				CODE_SIGN_IDENTITY = "iPhone Developer";
				COPY_PHASE_STRIP = NO;
				DEBUG_INFORMATION_FORMAT = dwarf;
				ENABLE_STRICT_OBJC_MSGSEND = YES;
				ENABLE_TESTABILITY = YES;
				GCC_C_LANGUAGE_STANDARD = gnu11;
				GCC_DYNAMIC_NO_PIC = NO;
				GCC_NO_COMMON_BLOCKS = YES;
				GCC_OPTIMIZATION_LEVEL = 0;
				GCC_PREPROCESSOR_DEFINITIONS = (
					"DEBUG=1",
					"$(inherited)",
				);
				GCC_WARN_64_TO_32_BIT_CONVERSION = YES;
				GCC_WARN_ABOUT_RETURN_TYPE = YES_ERROR;
				GCC_WARN_UNDECLARED_SELECTOR = YES;
				GCC_WARN_UNINITIALIZED_AUTOS = YES_AGGRESSIVE;
				GCC_WARN_UNUSED_FUNCTION = YES;
				GCC_WARN_UNUSED_VARIABLE = YES;
				IPHONEOS_DEPLOYMENT_TARGET = 12.1;
				MTL_ENABLE_DEBUG_INFO = INCLUDE_SOURCE;
				MTL_FAST_MATH = YES;
				ONLY_ACTIVE_ARCH = YES;
				SDKROOT = iphoneos;
			};
			name = Debug;
		};
		13B6FCCE21C9EB4C00681F4A /* Release */ = {
			isa = XCBuildConfiguration;
			buildSettings = {
				ALWAYS_SEARCH_USER_PATHS = NO;
				CLANG_ANALYZER_NONNULL = YES;
				CLANG_ANALYZER_NUMBER_OBJECT_CONVERSION = YES_AGGRESSIVE;
				CLANG_CXX_LANGUAGE_STANDARD = "gnu++14";
				CLANG_CXX_LIBRARY = "libc++";
				CLANG_ENABLE_MODULES = YES;
				CLANG_ENABLE_OBJC_ARC = YES;
				CLANG_ENABLE_OBJC_WEAK = YES;
				CLANG_WARN_BLOCK_CAPTURE_AUTORELEASING = YES;
				CLANG_WARN_BOOL_CONVERSION = YES;
				CLANG_WARN_COMMA = YES;
				CLANG_WARN_CONSTANT_CONVERSION = YES;
				CLANG_WARN_DEPRECATED_OBJC_IMPLEMENTATIONS = YES;
				CLANG_WARN_DIRECT_OBJC_ISA_USAGE = YES_ERROR;
				CLANG_WARN_DOCUMENTATION_COMMENTS = YES;
				CLANG_WARN_EMPTY_BODY = YES;
				CLANG_WARN_ENUM_CONVERSION = YES;
				CLANG_WARN_INFINITE_RECURSION = YES;
				CLANG_WARN_INT_CONVERSION = YES;
				CLANG_WARN_NON_LITERAL_NULL_CONVERSION = YES;
				CLANG_WARN_OBJC_IMPLICIT_RETAIN_SELF = YES;
				CLANG_WARN_OBJC_LITERAL_CONVERSION = YES;
				CLANG_WARN_OBJC_ROOT_CLASS = YES_ERROR;
				CLANG_WARN_RANGE_LOOP_ANALYSIS = YES;
				CLANG_WARN_STRICT_PROTOTYPES = YES;
				CLANG_WARN_SUSPICIOUS_MOVE = YES;
				CLANG_WARN_UNGUARDED_AVAILABILITY = YES_AGGRESSIVE;
				CLANG_WARN_UNREACHABLE_CODE = YES;
				CLANG_WARN__DUPLICATE_METHOD_MATCH = YES;
				CODE_SIGN_IDENTITY = "iPhone Developer";
				COPY_PHASE_STRIP = NO;
				DEBUG_INFORMATION_FORMAT = "dwarf-with-dsym";
				ENABLE_NS_ASSERTIONS = NO;
				ENABLE_STRICT_OBJC_MSGSEND = YES;
				GCC_C_LANGUAGE_STANDARD = gnu11;
				GCC_NO_COMMON_BLOCKS = YES;
				GCC_WARN_64_TO_32_BIT_CONVERSION = YES;
				GCC_WARN_ABOUT_RETURN_TYPE = YES_ERROR;
				GCC_WARN_UNDECLARED_SELECTOR = YES;
				GCC_WARN_UNINITIALIZED_AUTOS = YES_AGGRESSIVE;
				GCC_WARN_UNUSED_FUNCTION = YES;
				GCC_WARN_UNUSED_VARIABLE = YES;
				IPHONEOS_DEPLOYMENT_TARGET = 12.1;
				MTL_ENABLE_DEBUG_INFO = NO;
				MTL_FAST_MATH = YES;
				SDKROOT = iphoneos;
				VALIDATE_PRODUCT = YES;
			};
			name = Release;
		};
		13B6FCD021C9EB4C00681F4A /* Debug */ = {
			isa = XCBuildConfiguration;
			baseConfigurationReference = 6E8CD984E0B19702AFCF2ED0 /* Pods-LuckDraw.debug.xcconfig */;
			buildSettings = {
				ASSETCATALOG_COMPILER_APPICON_NAME = AppIcon;
				CODE_SIGN_STYLE = Automatic;
				DEVELOPMENT_TEAM = 3A475SDHSX;
				GCC_PREFIX_HEADER = "/Users/Blues/APP-iOS/Lottry/LuckDraw/PrefixHeader.pch";
				INFOPLIST_FILE = LuckDraw/Info.plist;
				LD_RUNPATH_SEARCH_PATHS = (
					"$(inherited)",
					"@executable_path/Frameworks",
				);
				PRODUCT_BUNDLE_IDENTIFIER = RCPLATFORMHK.LuckDraw;
				PRODUCT_NAME = "$(TARGET_NAME)";
				TARGETED_DEVICE_FAMILY = "1,2";
			};
			name = Debug;
		};
		13B6FCD121C9EB4C00681F4A /* Release */ = {
			isa = XCBuildConfiguration;
			baseConfigurationReference = 651308B5CB0F30B0CC57560F /* Pods-LuckDraw.release.xcconfig */;
			buildSettings = {
				ASSETCATALOG_COMPILER_APPICON_NAME = AppIcon;
				CODE_SIGN_STYLE = Automatic;
				DEVELOPMENT_TEAM = 3A475SDHSX;
				GCC_PREFIX_HEADER = "/Users/Blues/APP-iOS/Lottry/LuckDraw/PrefixHeader.pch";
				INFOPLIST_FILE = LuckDraw/Info.plist;
				LD_RUNPATH_SEARCH_PATHS = (
					"$(inherited)",
					"@executable_path/Frameworks",
				);
				PRODUCT_BUNDLE_IDENTIFIER = RCPLATFORMHK.LuckDraw;
				PRODUCT_NAME = "$(TARGET_NAME)";
				TARGETED_DEVICE_FAMILY = "1,2";
			};
			name = Release;
		};
		13B6FCD321C9EB4C00681F4A /* Debug */ = {
			isa = XCBuildConfiguration;
			buildSettings = {
				BUNDLE_LOADER = "$(TEST_HOST)";
				CODE_SIGN_STYLE = Automatic;
				INFOPLIST_FILE = LuckDrawTests/Info.plist;
				LD_RUNPATH_SEARCH_PATHS = (
					"$(inherited)",
					"@executable_path/Frameworks",
					"@loader_path/Frameworks",
				);
				PRODUCT_BUNDLE_IDENTIFIER = RCPLATFORMHK.LuckDrawTests;
				PRODUCT_NAME = "$(TARGET_NAME)";
				TARGETED_DEVICE_FAMILY = "1,2";
				TEST_HOST = "$(BUILT_PRODUCTS_DIR)/LuckDraw.app/LuckDraw";
			};
			name = Debug;
		};
		13B6FCD421C9EB4C00681F4A /* Release */ = {
			isa = XCBuildConfiguration;
			buildSettings = {
				BUNDLE_LOADER = "$(TEST_HOST)";
				CODE_SIGN_STYLE = Automatic;
				INFOPLIST_FILE = LuckDrawTests/Info.plist;
				LD_RUNPATH_SEARCH_PATHS = (
					"$(inherited)",
					"@executable_path/Frameworks",
					"@loader_path/Frameworks",
				);
				PRODUCT_BUNDLE_IDENTIFIER = RCPLATFORMHK.LuckDrawTests;
				PRODUCT_NAME = "$(TARGET_NAME)";
				TARGETED_DEVICE_FAMILY = "1,2";
				TEST_HOST = "$(BUILT_PRODUCTS_DIR)/LuckDraw.app/LuckDraw";
			};
			name = Release;
		};
		13B6FCD621C9EB4C00681F4A /* Debug */ = {
			isa = XCBuildConfiguration;
			buildSettings = {
				CODE_SIGN_STYLE = Automatic;
				INFOPLIST_FILE = LuckDrawUITests/Info.plist;
				LD_RUNPATH_SEARCH_PATHS = (
					"$(inherited)",
					"@executable_path/Frameworks",
					"@loader_path/Frameworks",
				);
				PRODUCT_BUNDLE_IDENTIFIER = RCPLATFORMHK.LuckDrawUITests;
				PRODUCT_NAME = "$(TARGET_NAME)";
				TARGETED_DEVICE_FAMILY = "1,2";
				TEST_TARGET_NAME = LuckDraw;
			};
			name = Debug;
		};
		13B6FCD721C9EB4C00681F4A /* Release */ = {
			isa = XCBuildConfiguration;
			buildSettings = {
				CODE_SIGN_STYLE = Automatic;
				INFOPLIST_FILE = LuckDrawUITests/Info.plist;
				LD_RUNPATH_SEARCH_PATHS = (
					"$(inherited)",
					"@executable_path/Frameworks",
					"@loader_path/Frameworks",
				);
				PRODUCT_BUNDLE_IDENTIFIER = RCPLATFORMHK.LuckDrawUITests;
				PRODUCT_NAME = "$(TARGET_NAME)";
				TARGETED_DEVICE_FAMILY = "1,2";
				TEST_TARGET_NAME = LuckDraw;
			};
			name = Release;
		};
/* End XCBuildConfiguration section */

/* Begin XCConfigurationList section */
		13B6FC9E21C9EB4300681F4A /* Build configuration list for PBXProject "LuckDraw" */ = {
			isa = XCConfigurationList;
			buildConfigurations = (
				13B6FCCD21C9EB4C00681F4A /* Debug */,
				13B6FCCE21C9EB4C00681F4A /* Release */,
			);
			defaultConfigurationIsVisible = 0;
			defaultConfigurationName = Release;
		};
		13B6FCCF21C9EB4C00681F4A /* Build configuration list for PBXNativeTarget "LuckDraw" */ = {
			isa = XCConfigurationList;
			buildConfigurations = (
				13B6FCD021C9EB4C00681F4A /* Debug */,
				13B6FCD121C9EB4C00681F4A /* Release */,
			);
			defaultConfigurationIsVisible = 0;
			defaultConfigurationName = Release;
		};
		13B6FCD221C9EB4C00681F4A /* Build configuration list for PBXNativeTarget "LuckDrawTests" */ = {
			isa = XCConfigurationList;
			buildConfigurations = (
				13B6FCD321C9EB4C00681F4A /* Debug */,
				13B6FCD421C9EB4C00681F4A /* Release */,
			);
			defaultConfigurationIsVisible = 0;
			defaultConfigurationName = Release;
		};
		13B6FCD521C9EB4C00681F4A /* Build configuration list for PBXNativeTarget "LuckDrawUITests" */ = {
			isa = XCConfigurationList;
			buildConfigurations = (
				13B6FCD621C9EB4C00681F4A /* Debug */,
				13B6FCD721C9EB4C00681F4A /* Release */,
			);
			defaultConfigurationIsVisible = 0;
			defaultConfigurationName = Release;
		};
/* End XCConfigurationList section */
	};
	rootObject = 13B6FC9B21C9EB4300681F4A /* Project object */;
}
